// !$*UTF8*$!
{
	archiveVersion = 1;
	classes = {
	};
	objectVersion = 55;
	objects = {

/* Begin PBXBuildFile section */
		3FA70BCB27FC984000AD88A0 /* AppDelegate.swift in Sources */ = {isa = PBXBuildFile; fileRef = 3FA70BCA27FC984000AD88A0 /* AppDelegate.swift */; };
		3FA70BCD27FC984000AD88A0 /* SceneDelegate.swift in Sources */ = {isa = PBXBuildFile; fileRef = 3FA70BCC27FC984000AD88A0 /* SceneDelegate.swift */; };
		3FA70BCF27FC984000AD88A0 /* ViewController.swift in Sources */ = {isa = PBXBuildFile; fileRef = 3FA70BCE27FC984000AD88A0 /* ViewController.swift */; };
		3FA70BD227FC984000AD88A0 /* Main.storyboard in Resources */ = {isa = PBXBuildFile; fileRef = 3FA70BD027FC984000AD88A0 /* Main.storyboard */; };
		3FA70BD427FC984200AD88A0 /* Assets.xcassets in Resources */ = {isa = PBXBuildFile; fileRef = 3FA70BD327FC984200AD88A0 /* Assets.xcassets */; };
		3FA70BD727FC984200AD88A0 /* LaunchScreen.storyboard in Resources */ = {isa = PBXBuildFile; fileRef = 3FA70BD527FC984200AD88A0 /* LaunchScreen.storyboard */; };
		3FA70BE627FC98B600AD88A0 /* NestedStackView.storyboard in Resources */ = {isa = PBXBuildFile; fileRef = 3FA70BDE27FC98B500AD88A0 /* NestedStackView.storyboard */; };
		3FA70BE727FC98B600AD88A0 /* SimpleStackView.storyboard in Resources */ = {isa = PBXBuildFile; fileRef = 3FA70BDF27FC98B500AD88A0 /* SimpleStackView.storyboard */; };
		3FA70BE927FC98B600AD88A0 /* TwoEqualWidthViews.storyboard in Resources */ = {isa = PBXBuildFile; fileRef = 3FA70BE127FC98B500AD88A0 /* TwoEqualWidthViews.storyboard */; };
		3FA70BEA27FC98B600AD88A0 /* DetailInfo.storyboard in Resources */ = {isa = PBXBuildFile; fileRef = 3FA70BE227FC98B500AD88A0 /* DetailInfo.storyboard */; };
		3FA70BEB27FC98B600AD88A0 /* SimpleSingleView.storyboard in Resources */ = {isa = PBXBuildFile; fileRef = 3FA70BE327FC98B500AD88A0 /* SimpleSingleView.storyboard */; };
		3FA70BEC27FC98B600AD88A0 /* AdaptiveSingleView.storyboard in Resources */ = {isa = PBXBuildFile; fileRef = 3FA70BE427FC98B500AD88A0 /* AdaptiveSingleView.storyboard */; };
		3FA70BED27FC98B600AD88A0 /* DynamicStackView.storyboard in Resources */ = {isa = PBXBuildFile; fileRef = 3FA70BE527FC98B600AD88A0 /* DynamicStackView.storyboard */; };
		3FA70BF127FC9A3A00AD88A0 /* DynamicStackViewController.swift in Sources */ = {isa = PBXBuildFile; fileRef = 3FA70BF027FC9A3A00AD88A0 /* DynamicStackViewController.swift */; };
/* End PBXBuildFile section */

/* Begin PBXFileReference section */
		3FA70BC727FC984000AD88A0 /* UIKIT-Components.app */ = {isa = PBXFileReference; explicitFileType = wrapper.application; includeInIndex = 0; path = "UIKIT-Components.app"; sourceTree = BUILT_PRODUCTS_DIR; };
		3FA70BCA27FC984000AD88A0 /* AppDelegate.swift */ = {isa = PBXFileReference; lastKnownFileType = sourcecode.swift; path = AppDelegate.swift; sourceTree = "<group>"; };
		3FA70BCC27FC984000AD88A0 /* SceneDelegate.swift */ = {isa = PBXFileReference; lastKnownFileType = sourcecode.swift; path = SceneDelegate.swift; sourceTree = "<group>"; };
		3FA70BCE27FC984000AD88A0 /* ViewController.swift */ = {isa = PBXFileReference; lastKnownFileType = sourcecode.swift; path = ViewController.swift; sourceTree = "<group>"; };
		3FA70BD127FC984000AD88A0 /* Base */ = {isa = PBXFileReference; lastKnownFileType = file.storyboard; name = Base; path = Base.lproj/Main.storyboard; sourceTree = "<group>"; };
		3FA70BD327FC984200AD88A0 /* Assets.xcassets */ = {isa = PBXFileReference; lastKnownFileType = folder.assetcatalog; path = Assets.xcassets; sourceTree = "<group>"; };
		3FA70BD627FC984200AD88A0 /* Base */ = {isa = PBXFileReference; lastKnownFileType = file.storyboard; name = Base; path = Base.lproj/LaunchScreen.storyboard; sourceTree = "<group>"; };
		3FA70BD827FC984200AD88A0 /* Info.plist */ = {isa = PBXFileReference; lastKnownFileType = text.plist.xml; path = Info.plist; sourceTree = "<group>"; };
		3FA70BDE27FC98B500AD88A0 /* NestedStackView.storyboard */ = {isa = PBXFileReference; fileEncoding = 4; lastKnownFileType = file.storyboard; path = NestedStackView.storyboard; sourceTree = "<group>"; };
		3FA70BDF27FC98B500AD88A0 /* SimpleStackView.storyboard */ = {isa = PBXFileReference; fileEncoding = 4; lastKnownFileType = file.storyboard; path = SimpleStackView.storyboard; sourceTree = "<group>"; };
		3FA70BE127FC98B500AD88A0 /* TwoEqualWidthViews.storyboard */ = {isa = PBXFileReference; fileEncoding = 4; lastKnownFileType = file.storyboard; path = TwoEqualWidthViews.storyboard; sourceTree = "<group>"; };
		3FA70BE227FC98B500AD88A0 /* DetailInfo.storyboard */ = {isa = PBXFileReference; fileEncoding = 4; lastKnownFileType = file.storyboard; path = DetailInfo.storyboard; sourceTree = "<group>"; };
		3FA70BE327FC98B500AD88A0 /* SimpleSingleView.storyboard */ = {isa = PBXFileReference; fileEncoding = 4; lastKnownFileType = file.storyboard; path = SimpleSingleView.storyboard; sourceTree = "<group>"; };
		3FA70BE427FC98B500AD88A0 /* AdaptiveSingleView.storyboard */ = {isa = PBXFileReference; fileEncoding = 4; lastKnownFileType = file.storyboard; path = AdaptiveSingleView.storyboard; sourceTree = "<group>"; };
		3FA70BE527FC98B600AD88A0 /* DynamicStackView.storyboard */ = {isa = PBXFileReference; fileEncoding = 4; lastKnownFileType = file.storyboard; path = DynamicStackView.storyboard; sourceTree = "<group>"; };
		3FA70BF027FC9A3A00AD88A0 /* DynamicStackViewController.swift */ = {isa = PBXFileReference; fileEncoding = 4; lastKnownFileType = sourcecode.swift; path = DynamicStackViewController.swift; sourceTree = "<group>"; };
/* End PBXFileReference section */

/* Begin PBXFrameworksBuildPhase section */
		3FA70BC427FC984000AD88A0 /* Frameworks */ = {
			isa = PBXFrameworksBuildPhase;
			buildActionMask = 2147483647;
			files = (
			);
			runOnlyForDeploymentPostprocessing = 0;
		};
/* End PBXFrameworksBuildPhase section */

/* Begin PBXGroup section */
		3FA70BBE27FC984000AD88A0 = {
			isa = PBXGroup;
			children = (
				3FA70BC927FC984000AD88A0 /* UIKIT-Components */,
				3FA70BC827FC984000AD88A0 /* Products */,
			);
			sourceTree = "<group>";
		};
		3FA70BC827FC984000AD88A0 /* Products */ = {
			isa = PBXGroup;
			children = (
				3FA70BC727FC984000AD88A0 /* UIKIT-Components.app */,
			);
			name = Products;
			sourceTree = "<group>";
		};
		3FA70BC927FC984000AD88A0 /* UIKIT-Components */ = {
			isa = PBXGroup;
			children = (
				3FA70BCA27FC984000AD88A0 /* AppDelegate.swift */,
				3FA70BCC27FC984000AD88A0 /* SceneDelegate.swift */,
				3FA70BCE27FC984000AD88A0 /* ViewController.swift */,
				3FA70BF027FC9A3A00AD88A0 /* DynamicStackViewController.swift */,
				3FA70BE427FC98B500AD88A0 /* AdaptiveSingleView.storyboard */,
				3FA70BE227FC98B500AD88A0 /* DetailInfo.storyboard */,
				3FA70BE527FC98B600AD88A0 /* DynamicStackView.storyboard */,
				3FA70BD027FC984000AD88A0 /* Main.storyboard */,
				3FA70BDE27FC98B500AD88A0 /* NestedStackView.storyboard */,
				3FA70BE327FC98B500AD88A0 /* SimpleSingleView.storyboard */,
				3FA70BDF27FC98B500AD88A0 /* SimpleStackView.storyboard */,
				3FA70BE127FC98B500AD88A0 /* TwoEqualWidthViews.storyboard */,
				3FA70BD327FC984200AD88A0 /* Assets.xcassets */,
				3FA70BD527FC984200AD88A0 /* LaunchScreen.storyboard */,
				3FA70BD827FC984200AD88A0 /* Info.plist */,
			);
			path = "UIKIT-Components";
			sourceTree = "<group>";
		};
/* End PBXGroup section */

/* Begin PBXNativeTarget section */
		3FA70BC627FC984000AD88A0 /* UIKIT-Components */ = {
			isa = PBXNativeTarget;
			buildConfigurationList = 3FA70BDB27FC984200AD88A0 /* Build configuration list for PBXNativeTarget "UIKIT-Components" */;
			buildPhases = (
				3FA70BC327FC984000AD88A0 /* Sources */,
				3FA70BC427FC984000AD88A0 /* Frameworks */,
				3FA70BC527FC984000AD88A0 /* Resources */,
			);
			buildRules = (
			);
			dependencies = (
			);
			name = "UIKIT-Components";
			productName = "UIKIT-Components";
			productReference = 3FA70BC727FC984000AD88A0 /* UIKIT-Components.app */;
			productType = "com.apple.product-type.application";
		};
/* End PBXNativeTarget section */

/* Begin PBXProject section */
		3FA70BBF27FC984000AD88A0 /* Project object */ = {
			isa = PBXProject;
			attributes = {
				BuildIndependentTargetsInParallel = 1;
				LastSwiftUpdateCheck = 1330;
				LastUpgradeCheck = 1330;
				TargetAttributes = {
					3FA70BC627FC984000AD88A0 = {
						CreatedOnToolsVersion = 13.3;
					};
				};
			};
			buildConfigurationList = 3FA70BC227FC984000AD88A0 /* Build configuration list for PBXProject "UIKIT-Components" */;
			compatibilityVersion = "Xcode 13.0";
			developmentRegion = en;
			hasScannedForEncodings = 0;
			knownRegions = (
				en,
				Base,
			);
			mainGroup = 3FA70BBE27FC984000AD88A0;
			productRefGroup = 3FA70BC827FC984000AD88A0 /* Products */;
			projectDirPath = "";
			projectRoot = "";
			targets = (
				3FA70BC627FC984000AD88A0 /* UIKIT-Components */,
			);
		};
/* End PBXProject section */

/* Begin PBXResourcesBuildPhase section */
		3FA70BC527FC984000AD88A0 /* Resources */ = {
			isa = PBXResourcesBuildPhase;
			buildActionMask = 2147483647;
			files = (
				3FA70BD727FC984200AD88A0 /* LaunchScreen.storyboard in Resources */,
				3FA70BE927FC98B600AD88A0 /* TwoEqualWidthViews.storyboard in Resources */,
				3FA70BED27FC98B600AD88A0 /* DynamicStackView.storyboard in Resources */,
				3FA70BE727FC98B600AD88A0 /* SimpleStackView.storyboard in Resources */,
				3FA70BEA27FC98B600AD88A0 /* DetailInfo.storyboard in Resources */,
				3FA70BEB27FC98B600AD88A0 /* SimpleSingleView.storyboard in Resources */,
				3FA70BEC27FC98B600AD88A0 /* AdaptiveSingleView.storyboard in Resources */,
				3FA70BE627FC98B600AD88A0 /* NestedStackView.storyboard in Resources */,
				3FA70BD427FC984200AD88A0 /* Assets.xcassets in Resources */,
				3FA70BD227FC984000AD88A0 /* Main.storyboard in Resources */,
			);
			runOnlyForDeploymentPostprocessing = 0;
		};
/* End PBXResourcesBuildPhase section */

/* Begin PBXSourcesBuildPhase section */
		3FA70BC327FC984000AD88A0 /* Sources */ = {
			isa = PBXSourcesBuildPhase;
			buildActionMask = 2147483647;
			files = (
				3FA70BCF27FC984000AD88A0 /* ViewController.swift in Sources */,
				3FA70BCB27FC984000AD88A0 /* AppDelegate.swift in Sources */,
				3FA70BF127FC9A3A00AD88A0 /* DynamicStackViewController.swift in Sources */,
				3FA70BCD27FC984000AD88A0 /* SceneDelegate.swift in Sources */,
			);
			runOnlyForDeploymentPostprocessing = 0;
		};
/* End PBXSourcesBuildPhase section */

/* Begin PBXVariantGroup section */
		3FA70BD027FC984000AD88A0 /* Main.storyboard */ = {
			isa = PBXVariantGroup;
			children = (
				3FA70BD127FC984000AD88A0 /* Base */,
			);
			name = Main.storyboard;
			sourceTree = "<group>";
		};
		3FA70BD527FC984200AD88A0 /* LaunchScreen.storyboard */ = {
			isa = PBXVariantGroup;
			children = (
				3FA70BD627FC984200AD88A0 /* Base */,
			);
			name = LaunchScreen.storyboard;
			sourceTree = "<group>";
		};
/* End PBXVariantGroup section */

/* Begin XCBuildConfiguration section */
		3FA70BD927FC984200AD88A0 /* Debug */ = {
			isa = XCBuildConfiguration;
			buildSettings = {
				ALWAYS_SEARCH_USER_PATHS = NO;
				CLANG_ANALYZER_NONNULL = YES;
				CLANG_ANALYZER_NUMBER_OBJECT_CONVERSION = YES_AGGRESSIVE;
				CLANG_CXX_LANGUAGE_STANDARD = "gnu++17";
				CLANG_ENABLE_MODULES = YES;
				CLANG_ENABLE_OBJC_ARC = YES;
				CLANG_ENABLE_OBJC_WEAK = YES;
				CLANG_WARN_BLOCK_CAPTURE_AUTORELEASING = YES;
				CLANG_WARN_BOOL_CONVERSION = YES;
				CLANG_WARN_COMMA = YES;
				CLANG_WARN_CONSTANT_CONVERSION = YES;
				CLANG_WARN_DEPRECATED_OBJC_IMPLEMENTATIONS = YES;
				CLANG_WARN_DIRECT_OBJC_ISA_USAGE = YES_ERROR;
				CLANG_WARN_DOCUMENTATION_COMMENTS = YES;
				CLANG_WARN_EMPTY_BODY = YES;
				CLANG_WARN_ENUM_CONVERSION = YES;
				CLANG_WARN_INFINITE_RECURSION = YES;
				CLANG_WARN_INT_CONVERSION = YES;
				CLANG_WARN_NON_LITERAL_NULL_CONVERSION = YES;
				CLANG_WARN_OBJC_IMPLICIT_RETAIN_SELF = YES;
				CLANG_WARN_OBJC_LITERAL_CONVERSION = YES;
				CLANG_WARN_OBJC_ROOT_CLASS = YES_ERROR;
				CLANG_WARN_QUOTED_INCLUDE_IN_FRAMEWORK_HEADER = YES;
				CLANG_WARN_RANGE_LOOP_ANALYSIS = YES;
				CLANG_WARN_STRICT_PROTOTYPES = YES;
				CLANG_WARN_SUSPICIOUS_MOVE = YES;
				CLANG_WARN_UNGUARDED_AVAILABILITY = YES_AGGRESSIVE;
				CLANG_WARN_UNREACHABLE_CODE = YES;
				CLANG_WARN__DUPLICATE_METHOD_MATCH = YES;
				COPY_PHASE_STRIP = NO;
				DEBUG_INFORMATION_FORMAT = dwarf;
				ENABLE_STRICT_OBJC_MSGSEND = YES;
				ENABLE_TESTABILITY = YES;
				GCC_C_LANGUAGE_STANDARD = gnu11;
				GCC_DYNAMIC_NO_PIC = NO;
				GCC_NO_COMMON_BLOCKS = YES;
				GCC_OPTIMIZATION_LEVEL = 0;
				GCC_PREPROCESSOR_DEFINITIONS = (
					"DEBUG=1",
					"$(inherited)",
				);
				GCC_WARN_64_TO_32_BIT_CONVERSION = YES;
				GCC_WARN_ABOUT_RETURN_TYPE = YES_ERROR;
				GCC_WARN_UNDECLARED_SELECTOR = YES;
				GCC_WARN_UNINITIALIZED_AUTOS = YES_AGGRESSIVE;
				GCC_WARN_UNUSED_FUNCTION = YES;
				GCC_WARN_UNUSED_VARIABLE = YES;
				IPHONEOS_DEPLOYMENT_TARGET = 15.4;
				MTL_ENABLE_DEBUG_INFO = INCLUDE_SOURCE;
				MTL_FAST_MATH = YES;
				ONLY_ACTIVE_ARCH = YES;
				SDKROOT = iphoneos;
				SWIFT_ACTIVE_COMPILATION_CONDITIONS = DEBUG;
				SWIFT_OPTIMIZATION_LEVEL = "-Onone";
			};
			name = Debug;
		};
		3FA70BDA27FC984200AD88A0 /* Release */ = {
			isa = XCBuildConfiguration;
			buildSettings = {
				ALWAYS_SEARCH_USER_PATHS = NO;
				CLANG_ANALYZER_NONNULL = YES;
				CLANG_ANALYZER_NUMBER_OBJECT_CONVERSION = YES_AGGRESSIVE;
				CLANG_CXX_LANGUAGE_STANDARD = "gnu++17";
				CLANG_ENABLE_MODULES = YES;
				CLANG_ENABLE_OBJC_ARC = YES;
				CLANG_ENABLE_OBJC_WEAK = YES;
				CLANG_WARN_BLOCK_CAPTURE_AUTORELEASING = YES;
				CLANG_WARN_BOOL_CONVERSION = YES;
				CLANG_WARN_COMMA = YES;
				CLANG_WARN_CONSTANT_CONVERSION = YES;
				CLANG_WARN_DEPRECATED_OBJC_IMPLEMENTATIONS = YES;
				CLANG_WARN_DIRECT_OBJC_ISA_USAGE = YES_ERROR;
				CLANG_WARN_DOCUMENTATION_COMMENTS = YES;
				CLANG_WARN_EMPTY_BODY = YES;
				CLANG_WARN_ENUM_CONVERSION = YES;
				CLANG_WARN_INFINITE_RECURSION = YES;
				CLANG_WARN_INT_CONVERSION = YES;
				CLANG_WARN_NON_LITERAL_NULL_CONVERSION = YES;
				CLANG_WARN_OBJC_IMPLICIT_RETAIN_SELF = YES;
				CLANG_WARN_OBJC_LITERAL_CONVERSION = YES;
				CLANG_WARN_OBJC_ROOT_CLASS = YES_ERROR;
				CLANG_WARN_QUOTED_INCLUDE_IN_FRAMEWORK_HEADER = YES;
				CLANG_WARN_RANGE_LOOP_ANALYSIS = YES;
				CLANG_WARN_STRICT_PROTOTYPES = YES;
				CLANG_WARN_SUSPICIOUS_MOVE = YES;
				CLANG_WARN_UNGUARDED_AVAILABILITY = YES_AGGRESSIVE;
				CLANG_WARN_UNREACHABLE_CODE = YES;
				CLANG_WARN__DUPLICATE_METHOD_MATCH = YES;
				COPY_PHASE_STRIP = NO;
				DEBUG_INFORMATION_FORMAT = "dwarf-with-dsym";
				ENABLE_NS_ASSERTIONS = NO;
				ENABLE_STRICT_OBJC_MSGSEND = YES;
				GCC_C_LANGUAGE_STANDARD = gnu11;
				GCC_NO_COMMON_BLOCKS = YES;
				GCC_WARN_64_TO_32_BIT_CONVERSION = YES;
				GCC_WARN_ABOUT_RETURN_TYPE = YES_ERROR;
				GCC_WARN_UNDECLARED_SELECTOR = YES;
				GCC_WARN_UNINITIALIZED_AUTOS = YES_AGGRESSIVE;
				GCC_WARN_UNUSED_FUNCTION = YES;
				GCC_WARN_UNUSED_VARIABLE = YES;
				IPHONEOS_DEPLOYMENT_TARGET = 15.4;
				MTL_ENABLE_DEBUG_INFO = NO;
				MTL_FAST_MATH = YES;
				SDKROOT = iphoneos;
				SWIFT_COMPILATION_MODE = wholemodule;
				SWIFT_OPTIMIZATION_LEVEL = "-O";
				VALIDATE_PRODUCT = YES;
			};
			name = Release;
		};
		3FA70BDC27FC984200AD88A0 /* Debug */ = {
			isa = XCBuildConfiguration;
			buildSettings = {
				ASSETCATALOG_COMPILER_APPICON_NAME = AppIcon;
				ASSETCATALOG_COMPILER_GLOBAL_ACCENT_COLOR_NAME = AccentColor;
				CODE_SIGN_STYLE = Automatic;
				CURRENT_PROJECT_VERSION = 1;
				DEVELOPMENT_TEAM = ZTBH29ZRG3;
				GENERATE_INFOPLIST_FILE = YES;
				INFOPLIST_FILE = "UIKIT-Components/Info.plist";
				INFOPLIST_KEY_UIApplicationSupportsIndirectInputEvents = YES;
				INFOPLIST_KEY_UILaunchStoryboardName = LaunchScreen;
				INFOPLIST_KEY_UIMainStoryboardFile = Main;
				INFOPLIST_KEY_UISupportedInterfaceOrientations_iPad = "UIInterfaceOrientationPortrait UIInterfaceOrientationPortraitUpsideDown UIInterfaceOrientationLandscapeLeft UIInterfaceOrientationLandscapeRight";
				INFOPLIST_KEY_UISupportedInterfaceOrientations_iPhone = "UIInterfaceOrientationPortrait UIInterfaceOrientationLandscapeLeft UIInterfaceOrientationLandscapeRight";
				LD_RUNPATH_SEARCH_PATHS = (
					"$(inherited)",
					"@executable_path/Frameworks",
				);
				MARKETING_VERSION = 1.0;
				PRODUCT_BUNDLE_IDENTIFIER = "com.veritran.UIKIT-Components";
				PRODUCT_NAME = "$(TARGET_NAME)";
				SWIFT_EMIT_LOC_STRINGS = YES;
				SWIFT_VERSION = 5.0;
				TARGETED_DEVICE_FAMILY = "1,2";
			};
			name = Debug;
		};
		3FA70BDD27FC984200AD88A0 /* Release */ = {
			isa = XCBuildConfiguration;
			buildSettings = {
				ASSETCATALOG_COMPILER_APPICON_NAME = AppIcon;
				ASSETCATALOG_COMPILER_GLOBAL_ACCENT_COLOR_NAME = AccentColor;
				CODE_SIGN_STYLE = Automatic;
				CURRENT_PROJECT_VERSION = 1;
				DEVELOPMENT_TEAM = ZTBH29ZRG3;
				GENERATE_INFOPLIST_FILE = YES;
				INFOPLIST_FILE = "UIKIT-Components/Info.plist";
				INFOPLIST_KEY_UIApplicationSupportsIndirectInputEvents = YES;
				INFOPLIST_KEY_UILaunchStoryboardName = LaunchScreen;
				INFOPLIST_KEY_UIMainStoryboardFile = Main;
				INFOPLIST_KEY_UISupportedInterfaceOrientations_iPad = "UIInterfaceOrientationPortrait UIInterfaceOrientationPortraitUpsideDown UIInterfaceOrientationLandscapeLeft UIInterfaceOrientationLandscapeRight";
				INFOPLIST_KEY_UISupportedInterfaceOrientations_iPhone = "UIInterfaceOrientationPortrait UIInterfaceOrientationLandscapeLeft UIInterfaceOrientationLandscapeRight";
				LD_RUNPATH_SEARCH_PATHS = (
					"$(inherited)",
					"@executable_path/Frameworks",
				);
				MARKETING_VERSION = 1.0;
				PRODUCT_BUNDLE_IDENTIFIER = "com.veritran.UIKIT-Components";
				PRODUCT_NAME = "$(TARGET_NAME)";
				SWIFT_EMIT_LOC_STRINGS = YES;
				SWIFT_VERSION = 5.0;
				TARGETED_DEVICE_FAMILY = "1,2";
			};
			name = Release;
		};
/* End XCBuildConfiguration section */

/* Begin XCConfigurationList section */
		3FA70BC227FC984000AD88A0 /* Build configuration list for PBXProject "UIKIT-Components" */ = {
			isa = XCConfigurationList;
			buildConfigurations = (
				3FA70BD927FC984200AD88A0 /* Debug */,
				3FA70BDA27FC984200AD88A0 /* Release */,
			);
			defaultConfigurationIsVisible = 0;
			defaultConfigurationName = Release;
		};
		3FA70BDB27FC984200AD88A0 /* Build configuration list for PBXNativeTarget "UIKIT-Components" */ = {
			isa = XCConfigurationList;
			buildConfigurations = (
				3FA70BDC27FC984200AD88A0 /* Debug */,
				3FA70BDD27FC984200AD88A0 /* Release */,
			);
			defaultConfigurationIsVisible = 0;
			defaultConfigurationName = Release;
		};
/* End XCConfigurationList section */
	};
	rootObject = 3FA70BBF27FC984000AD88A0 /* Project object */;
}
